{
    "_readme": [
        "This file locks the dependencies of your project to a known state",
        "Read more about it at https://getcomposer.org/doc/01-basic-usage.md#composer-lock-the-lock-file",
        "This file is @generated automatically"
    ],
    "content-hash": "ed490a53ae035f1df5c13a66ce6674e9",
    "packages": [
        {
            "name": "yurunsoft/yurun-event",
            "version": "v1.1.1",
            "source": {
                "type": "git",
                "url": "https://github.com/Yurunsoft/YurunEvent.git",
                "reference": "be8c60d8b8fc3d97e340afbe7da16f385ba940ee"
            },
            "dist": {
                "type": "zip",
                "url": "https://files.phpcomposer.com/files/Yurunsoft/YurunEvent/be8c60d8b8fc3d97e340afbe7da16f385ba940ee.zip",
                "reference": "be8c60d8b8fc3d97e340afbe7da16f385ba940ee",
                "shasum": ""
            },
            "type": "library",
            "autoload": {
                "psr-4": {
                    "Yurun\\Until\\": "Src/"
                }
            },
            "notification-url": "https://packagist.org/downloads/",
            "license": [
                "MIT"
            ],
            "time": "2017-08-14T02:07:41+00:00"
        },
        {
            "name": "yurunsoft/yurun-http",
            "version": "v1.3.17",
            "source": {
                "type": "git",
                "url": "https://github.com/Yurunsoft/YurunHttp.git",
                "reference": "6a6c12fc86d51fee328742824348ad09ecef3514"
            },
            "dist": {
                "type": "zip",
                "url": "https://files.phpcomposer.com/files/Yurunsoft/YurunHttp/6a6c12fc86d51fee328742824348ad09ecef3514.zip",
                "reference": "6a6c12fc86d51fee328742824348ad09ecef3514",
                "shasum": ""
            },
            "require": {
                "yurunsoft/yurun-event": "1.*"
            },
            "type": "library",
            "autoload": {
                "psr-4": {
                    "Yurun\\Until\\": "./"
                }
            },
            "notification-url": "https://packagist.org/downloads/",
            "license": [
                "MIT"
            ],
            "description": "一个基于PHP cURL的开源HTTP类库，支持链式操作，省去繁杂的cURL使用方法。(An open source HTTP class library based on PHP cURL, support chain operations, eliminating the use of miscellaneous cURL methods.)",
            "time": "2018-01-22T02:29:52+00:00"
        },
        {
            "name": "yurunsoft/yurun-oauth-login",
            "version": "v1.2.7",
            "source": {
                "type": "git",
                "url": "https://github.com/Yurunsoft/YurunOAuthLogin.git",
                "reference": "a91a8bf86280a4f93681e66c8b13e2a44eebc0ae"
            },
            "dist": {
                "type": "zip",
                "url": "https://files.phpcomposer.com/files/Yurunsoft/YurunOAuthLogin/a91a8bf86280a4f93681e66c8b13e2a44eebc0ae.zip",
                "reference": "a91a8bf86280a4f93681e66c8b13e2a44eebc0ae",
                "shasum": ""
            },
            "require": {
                "php": ">=5.4",
                "yurunsoft/yurun-http": "1.3.*"
            },
            "type": "library",
            "autoload": {
                "psr-4": {
                    "Yurun\\OAuthLogin\\": "src/"
                }
            },
            "notification-url": "https://packagist.org/downloads/",
            "license": [
                "MIT"
            ],
            "description": "YurunOAuthLogin是一个PHP 第三方登录授权 SDK，集成了QQ、微信、微博、Github等常用接口。可以轻松嵌入支持 PHP >= 5.4 的任何系统中。",
            "time": "2018-02-04T05:30:31+00:00"
        }
    ],
    "packages-dev": [],
    "aliases": [],
    "minimum-stability": "stable",
    "stability-flags": [],
    "prefer-stable": false,
    "prefer-lowest": false,
    "platform": [],
    "platform-dev": []
}
